{
  "name": "signspeak-connect",
  "lockfileVersion": 3,
  "requires": true,
  "packages": {
    "": {
      "dependencies": {
        "@mediapipe/camera_utils": "^0.3.1675466862",
        "@mediapipe/drawing_utils": "^0.3.1675466124",
        "@mediapipe/hands": "^0.4.1675469240"
      }
    },
    "node_modules/@mediapipe/camera_utils": {
      "version": "0.3.1675466862",
      "license": "Apache-2.0"
    },
    "node_modules/@mediapipe/drawing_utils": {
      "version": "0.3.1675466124",
      "license": "Apache-2.0"
    },
    "node_modules/@mediapipe/hands": {
      "version": "0.4.1675469240",
      "license": "Apache-2.0"
    }
  }
}
